
Microsoft Visual Studio Solution File, Format Version 12.00
# Visual Studio Version 17
VisualStudioVersion = 17.14.36310.24
MinimumVisualStudioVersion = 10.0.40219.1
Project("{FAE04EC0-301F-11D3-BF4B-00C04F79EFBC}") = "AccountService", "AccountService\AccountService.csproj", "{B05292F2-35BA-42A5-8A3A-87B7E2F61AF4}"
EndProject
Global
	GlobalSection(SolutionConfigurationPlatforms) = preSolution
		Debug|Any CPU = Debug|Any CPU
		Release|Any CPU = Release|Any CPU
	EndGlobalSection
	GlobalSection(ProjectConfigurationPlatforms) = postSolution
		{B05292F2-35BA-42A5-8A3A-87B7E2F61AF4}.Debug|Any CPU.ActiveCfg = Debug|Any CPU
		{B05292F2-35BA-42A5-8A3A-87B7E2F61AF4}.Debug|Any CPU.Build.0 = Debug|Any CPU
		{B05292F2-35BA-42A5-8A3A-87B7E2F61AF4}.Release|Any CPU.ActiveCfg = Release|Any CPU
		{B05292F2-35BA-42A5-8A3A-87B7E2F61AF4}.Release|Any CPU.Build.0 = Release|Any CPU
	EndGlobalSection
	GlobalSection(SolutionProperties) = preSolution
		HideSolutionNode = FALSE
	EndGlobalSection
	GlobalSection(ExtensibilityGlobals) = postSolution
		SolutionGuid = {98091D80-CF16-4A32-9A27-B3FF1F089A1A}
	EndGlobalSection
EndGlobal
